// !$*UTF8*$!
{
	archiveVersion = 1;
	classes = {
	};
	objectVersion = 46;
	objects = {

/* Begin PBXBuildFile section */
		532C36E93A3A48CDA7B1A026 /* libPods.a in Frameworks */ = {isa = PBXBuildFile; fileRef = C9A57C83A310442AA2C49C09 /* libPods.a */; };
		B00511CF1A11646E00A61AA4 /* FriendsView.m in Sources */ = {isa = PBXBuildFile; fileRef = B00511CE1A11646E00A61AA4 /* FriendsView.m */; };
		B008AF3719F7929A00445922 /* HELVETICANEUECYR-BOLD.OTF in Resources */ = {isa = PBXBuildFile; fileRef = B008AF3419F7929A00445922 /* HELVETICANEUECYR-BOLD.OTF */; };
		B008AF3819F7929A00445922 /* HELVETICANEUECYR-LIGHT.OTF in Resources */ = {isa = PBXBuildFile; fileRef = B008AF3519F7929A00445922 /* HELVETICANEUECYR-LIGHT.OTF */; };
		B008AF3919F7929A00445922 /* HELVETICANEUECYR-MEDIUM.OTF in Resources */ = {isa = PBXBuildFile; fileRef = B008AF3619F7929A00445922 /* HELVETICANEUECYR-MEDIUM.OTF */; };
		B008AF3C19F7C7DF00445922 /* Task.m in Sources */ = {isa = PBXBuildFile; fileRef = B008AF3B19F7C7DF00445922 /* Task.m */; };
		B008AF3F19F7C80700445922 /* TaskCell.m in Sources */ = {isa = PBXBuildFile; fileRef = B008AF3E19F7C80700445922 /* TaskCell.m */; };
		B008AF4219F7C8FC00445922 /* TaskCellItem.m in Sources */ = {isa = PBXBuildFile; fileRef = B008AF4119F7C8FC00445922 /* TaskCellItem.m */; };
		B02F048F19F2B6670034A1DE /* ProfileUpdater.m in Sources */ = {isa = PBXBuildFile; fileRef = B02F048E19F2B6670034A1DE /* ProfileUpdater.m */; };
		B032D22919E8570700D9D5A4 /* main.m in Sources */ = {isa = PBXBuildFile; fileRef = B032D22819E8570700D9D5A4 /* main.m */; };
		B032D22C19E8570700D9D5A4 /* AppDelegate.m in Sources */ = {isa = PBXBuildFile; fileRef = B032D22B19E8570700D9D5A4 /* AppDelegate.m */; };
		B032D22F19E8570700D9D5A4 /* StartVC.m in Sources */ = {isa = PBXBuildFile; fileRef = B032D22E19E8570700D9D5A4 /* StartVC.m */; };
		B032D23219E8570700D9D5A4 /* Main.storyboard in Resources */ = {isa = PBXBuildFile; fileRef = B032D23019E8570700D9D5A4 /* Main.storyboard */; };
		B032D23419E8570700D9D5A4 /* Images.xcassets in Resources */ = {isa = PBXBuildFile; fileRef = B032D23319E8570700D9D5A4 /* Images.xcassets */; };
		B032D23719E8570700D9D5A4 /* LaunchScreen.xib in Resources */ = {isa = PBXBuildFile; fileRef = B032D23519E8570700D9D5A4 /* LaunchScreen.xib */; };
		B032D32819E88C6000D9D5A4 /* Categories.m in Sources */ = {isa = PBXBuildFile; fileRef = B032D32719E88C6000D9D5A4 /* Categories.m */; };
		B032D33219E8F5C000D9D5A4 /* TabBarVC.m in Sources */ = {isa = PBXBuildFile; fileRef = B032D33119E8F5C000D9D5A4 /* TabBarVC.m */; };
		B032D33619E8F63E00D9D5A4 /* MyJobsVC.m in Sources */ = {isa = PBXBuildFile; fileRef = B032D33519E8F63E00D9D5A4 /* MyJobsVC.m */; };
		B032D34319E8F86100D9D5A4 /* FriendsJobsVC.m in Sources */ = {isa = PBXBuildFile; fileRef = B032D34219E8F86100D9D5A4 /* FriendsJobsVC.m */; };
		B032D34619E8F87200D9D5A4 /* NotificationsVC.m in Sources */ = {isa = PBXBuildFile; fileRef = B032D34519E8F87200D9D5A4 /* NotificationsVC.m */; };
		B032D34919E8F88100D9D5A4 /* AddJobVC.m in Sources */ = {isa = PBXBuildFile; fileRef = B032D34819E8F88100D9D5A4 /* AddJobVC.m */; };
		B032D35119E8FE3E00D9D5A4 /* NavigationVC.m in Sources */ = {isa = PBXBuildFile; fileRef = B032D35019E8FE3E00D9D5A4 /* NavigationVC.m */; };
		B032D35519E9012400D9D5A4 /* Helper.m in Sources */ = {isa = PBXBuildFile; fileRef = B032D35419E9012400D9D5A4 /* Helper.m */; };
		B032D35819E9061000D9D5A4 /* FriendsUpdater.m in Sources */ = {isa = PBXBuildFile; fileRef = B032D35719E9061000D9D5A4 /* FriendsUpdater.m */; };
		B032D36219E9466600D9D5A4 /* Notification.m in Sources */ = {isa = PBXBuildFile; fileRef = B032D36119E9466600D9D5A4 /* Notification.m */; };
		B06874FC1ABCC4A0002D2D20 /* Customization.m in Sources */ = {isa = PBXBuildFile; fileRef = B06874FB1ABCC4A0002D2D20 /* Customization.m */; };
		B06D51CA1A06B48900063BFE /* FriendsListVC.m in Sources */ = {isa = PBXBuildFile; fileRef = B06D51C91A06B48900063BFE /* FriendsListVC.m */; };
		B06D51CE1A06B88D00063BFE /* BaseVC.m in Sources */ = {isa = PBXBuildFile; fileRef = B06D51CD1A06B88D00063BFE /* BaseVC.m */; };
		B0B47C141AB0D89D00ABCE1B /* NotificationView.m in Sources */ = {isa = PBXBuildFile; fileRef = B0B47C131AB0D89D00ABCE1B /* NotificationView.m */; };
		B0C6B6881AB18CA600C2BBCE /* ActionButton.m in Sources */ = {isa = PBXBuildFile; fileRef = B0C6B6871AB18CA600C2BBCE /* ActionButton.m */; };
		B0C6B68C1AB37E8300C2BBCE /* ProfileVC.m in Sources */ = {isa = PBXBuildFile; fileRef = B0C6B68B1AB37E8300C2BBCE /* ProfileVC.m */; };
		B0C6B6901AB3824A00C2BBCE /* ProfileCell.m in Sources */ = {isa = PBXBuildFile; fileRef = B0C6B68F1AB3824A00C2BBCE /* ProfileCell.m */; };
		B0CABD9919FD943A002C37FD /* InputCell.m in Sources */ = {isa = PBXBuildFile; fileRef = B0CABD9819FD943A002C37FD /* InputCell.m */; };
		B0CABD9C19FD9AD0002C37FD /* BaseCell.m in Sources */ = {isa = PBXBuildFile; fileRef = B0CABD9B19FD9AD0002C37FD /* BaseCell.m */; };
		B0CABD9F19FDA6DB002C37FD /* InfoCell.m in Sources */ = {isa = PBXBuildFile; fileRef = B0CABD9E19FDA6DB002C37FD /* InfoCell.m */; };
		B0E471BA1ABA268C0092B338 /* HintView.m in Sources */ = {isa = PBXBuildFile; fileRef = B0E471B91ABA268C0092B338 /* HintView.m */; };
		B0E6DA6C16EF1DB6001CD002 /* NotificationActionSelector.m in Sources */ = {isa = PBXBuildFile; fileRef = B0E6DA6B16EF1DB6001CD002 /* NotificationActionSelector.m */; };
		B0E79BC21AAE4454000B9179 /* PFUser+DYJ.m in Sources */ = {isa = PBXBuildFile; fileRef = B0E79BC11AAE4454000B9179 /* PFUser+DYJ.m */; };
/* End PBXBuildFile section */

/* Begin PBXFileReference section */
		76625220950D9525696A1342 /* Pods.release.xcconfig */ = {isa = PBXFileReference; includeInIndex = 1; lastKnownFileType = text.xcconfig; name = Pods.release.xcconfig; path = "Pods/Target Support Files/Pods/Pods.release.xcconfig"; sourceTree = "<group>"; };
		9604D7F5A00C7375A248F676 /* Pods.debug.xcconfig */ = {isa = PBXFileReference; includeInIndex = 1; lastKnownFileType = text.xcconfig; name = Pods.debug.xcconfig; path = "Pods/Target Support Files/Pods/Pods.debug.xcconfig"; sourceTree = "<group>"; };
		B00511CD1A11646E00A61AA4 /* FriendsView.h */ = {isa = PBXFileReference; fileEncoding = 4; lastKnownFileType = sourcecode.c.h; path = FriendsView.h; sourceTree = "<group>"; };
		B00511CE1A11646E00A61AA4 /* FriendsView.m */ = {isa = PBXFileReference; fileEncoding = 4; lastKnownFileType = sourcecode.c.objc; path = FriendsView.m; sourceTree = "<group>"; };
		B008AF3419F7929A00445922 /* HELVETICANEUECYR-BOLD.OTF */ = {isa = PBXFileReference; lastKnownFileType = file; path = "HELVETICANEUECYR-BOLD.OTF"; sourceTree = "<group>"; };
		B008AF3519F7929A00445922 /* HELVETICANEUECYR-LIGHT.OTF */ = {isa = PBXFileReference; lastKnownFileType = file; path = "HELVETICANEUECYR-LIGHT.OTF"; sourceTree = "<group>"; };
		B008AF3619F7929A00445922 /* HELVETICANEUECYR-MEDIUM.OTF */ = {isa = PBXFileReference; lastKnownFileType = file; path = "HELVETICANEUECYR-MEDIUM.OTF"; sourceTree = "<group>"; };
		B008AF3A19F7C7DF00445922 /* Task.h */ = {isa = PBXFileReference; fileEncoding = 4; lastKnownFileType = sourcecode.c.h; path = Task.h; sourceTree = "<group>"; };
		B008AF3B19F7C7DF00445922 /* Task.m */ = {isa = PBXFileReference; fileEncoding = 4; lastKnownFileType = sourcecode.c.objc; path = Task.m; sourceTree = "<group>"; };
		B008AF3D19F7C80700445922 /* TaskCell.h */ = {isa = PBXFileReference; fileEncoding = 4; lastKnownFileType = sourcecode.c.h; path = TaskCell.h; sourceTree = "<group>"; };
		B008AF3E19F7C80700445922 /* TaskCell.m */ = {isa = PBXFileReference; fileEncoding = 4; lastKnownFileType = sourcecode.c.objc; path = TaskCell.m; sourceTree = "<group>"; };
		B008AF4019F7C8FC00445922 /* TaskCellItem.h */ = {isa = PBXFileReference; fileEncoding = 4; lastKnownFileType = sourcecode.c.h; path = TaskCellItem.h; sourceTree = "<group>"; };
		B008AF4119F7C8FC00445922 /* TaskCellItem.m */ = {isa = PBXFileReference; fileEncoding = 4; lastKnownFileType = sourcecode.c.objc; path = TaskCellItem.m; sourceTree = "<group>"; };
		B02F048D19F2B6670034A1DE /* ProfileUpdater.h */ = {isa = PBXFileReference; fileEncoding = 4; lastKnownFileType = sourcecode.c.h; path = ProfileUpdater.h; sourceTree = "<group>"; };
		B02F048E19F2B6670034A1DE /* ProfileUpdater.m */ = {isa = PBXFileReference; fileEncoding = 4; lastKnownFileType = sourcecode.c.objc; path = ProfileUpdater.m; sourceTree = "<group>"; };
		B032D22319E8570700D9D5A4 /* DYJ.app */ = {isa = PBXFileReference; explicitFileType = wrapper.application; includeInIndex = 0; path = DYJ.app; sourceTree = BUILT_PRODUCTS_DIR; };
		B032D22719E8570700D9D5A4 /* Info.plist */ = {isa = PBXFileReference; lastKnownFileType = text.plist.xml; path = Info.plist; sourceTree = "<group>"; };
		B032D22819E8570700D9D5A4 /* main.m */ = {isa = PBXFileReference; lastKnownFileType = sourcecode.c.objc; path = main.m; sourceTree = "<group>"; };
		B032D22A19E8570700D9D5A4 /* AppDelegate.h */ = {isa = PBXFileReference; lastKnownFileType = sourcecode.c.h; path = AppDelegate.h; sourceTree = "<group>"; };
		B032D22B19E8570700D9D5A4 /* AppDelegate.m */ = {isa = PBXFileReference; lastKnownFileType = sourcecode.c.objc; lineEnding = 0; path = AppDelegate.m; sourceTree = "<group>"; xcLanguageSpecificationIdentifier = xcode.lang.objc; };
		B032D22D19E8570700D9D5A4 /* StartVC.h */ = {isa = PBXFileReference; lastKnownFileType = sourcecode.c.h; path = StartVC.h; sourceTree = "<group>"; };
		B032D22E19E8570700D9D5A4 /* StartVC.m */ = {isa = PBXFileReference; lastKnownFileType = sourcecode.c.objc; path = StartVC.m; sourceTree = "<group>"; };
		B032D23119E8570700D9D5A4 /* Base */ = {isa = PBXFileReference; lastKnownFileType = file.storyboard; name = Base; path = Base.lproj/Main.storyboard; sourceTree = "<group>"; };
		B032D23319E8570700D9D5A4 /* Images.xcassets */ = {isa = PBXFileReference; lastKnownFileType = folder.assetcatalog; path = Images.xcassets; sourceTree = "<group>"; };
		B032D23619E8570700D9D5A4 /* Base */ = {isa = PBXFileReference; lastKnownFileType = file.xib; name = Base; path = Base.lproj/LaunchScreen.xib; sourceTree = "<group>"; };
		B032D32619E88C6000D9D5A4 /* Categories.h */ = {isa = PBXFileReference; fileEncoding = 4; lastKnownFileType = sourcecode.c.h; path = Categories.h; sourceTree = "<group>"; };
		B032D32719E88C6000D9D5A4 /* Categories.m */ = {isa = PBXFileReference; fileEncoding = 4; lastKnownFileType = sourcecode.c.objc; path = Categories.m; sourceTree = "<group>"; };
		B032D33019E8F5C000D9D5A4 /* TabBarVC.h */ = {isa = PBXFileReference; fileEncoding = 4; lastKnownFileType = sourcecode.c.h; path = TabBarVC.h; sourceTree = "<group>"; };
		B032D33119E8F5C000D9D5A4 /* TabBarVC.m */ = {isa = PBXFileReference; fileEncoding = 4; lastKnownFileType = sourcecode.c.objc; path = TabBarVC.m; sourceTree = "<group>"; };
		B032D33419E8F63E00D9D5A4 /* MyJobsVC.h */ = {isa = PBXFileReference; fileEncoding = 4; lastKnownFileType = sourcecode.c.h; path = MyJobsVC.h; sourceTree = "<group>"; };
		B032D33519E8F63E00D9D5A4 /* MyJobsVC.m */ = {isa = PBXFileReference; fileEncoding = 4; lastKnownFileType = sourcecode.c.objc; path = MyJobsVC.m; sourceTree = "<group>"; };
		B032D34119E8F86100D9D5A4 /* FriendsJobsVC.h */ = {isa = PBXFileReference; fileEncoding = 4; lastKnownFileType = sourcecode.c.h; path = FriendsJobsVC.h; sourceTree = "<group>"; };
		B032D34219E8F86100D9D5A4 /* FriendsJobsVC.m */ = {isa = PBXFileReference; fileEncoding = 4; lastKnownFileType = sourcecode.c.objc; lineEnding = 0; path = FriendsJobsVC.m; sourceTree = "<group>"; xcLanguageSpecificationIdentifier = xcode.lang.objc; };
		B032D34419E8F87200D9D5A4 /* NotificationsVC.h */ = {isa = PBXFileReference; fileEncoding = 4; lastKnownFileType = sourcecode.c.h; path = NotificationsVC.h; sourceTree = "<group>"; };
		B032D34519E8F87200D9D5A4 /* NotificationsVC.m */ = {isa = PBXFileReference; fileEncoding = 4; lastKnownFileType = sourcecode.c.objc; path = NotificationsVC.m; sourceTree = "<group>"; };
		B032D34719E8F88100D9D5A4 /* AddJobVC.h */ = {isa = PBXFileReference; fileEncoding = 4; lastKnownFileType = sourcecode.c.h; path = AddJobVC.h; sourceTree = "<group>"; };
		B032D34819E8F88100D9D5A4 /* AddJobVC.m */ = {isa = PBXFileReference; fileEncoding = 4; lastKnownFileType = sourcecode.c.objc; lineEnding = 0; path = AddJobVC.m; sourceTree = "<group>"; xcLanguageSpecificationIdentifier = xcode.lang.objc; };
		B032D34F19E8FE3E00D9D5A4 /* NavigationVC.h */ = {isa = PBXFileReference; fileEncoding = 4; lastKnownFileType = sourcecode.c.h; path = NavigationVC.h; sourceTree = "<group>"; };
		B032D35019E8FE3E00D9D5A4 /* NavigationVC.m */ = {isa = PBXFileReference; fileEncoding = 4; lastKnownFileType = sourcecode.c.objc; path = NavigationVC.m; sourceTree = "<group>"; };
		B032D35319E9012400D9D5A4 /* Helper.h */ = {isa = PBXFileReference; fileEncoding = 4; lastKnownFileType = sourcecode.c.h; lineEnding = 0; path = Helper.h; sourceTree = "<group>"; xcLanguageSpecificationIdentifier = xcode.lang.objcpp; };
		B032D35419E9012400D9D5A4 /* Helper.m */ = {isa = PBXFileReference; fileEncoding = 4; lastKnownFileType = sourcecode.c.objc; lineEnding = 0; path = Helper.m; sourceTree = "<group>"; xcLanguageSpecificationIdentifier = xcode.lang.objc; };
		B032D35619E9061000D9D5A4 /* FriendsUpdater.h */ = {isa = PBXFileReference; fileEncoding = 4; lastKnownFileType = sourcecode.c.h; path = FriendsUpdater.h; sourceTree = "<group>"; };
		B032D35719E9061000D9D5A4 /* FriendsUpdater.m */ = {isa = PBXFileReference; fileEncoding = 4; lastKnownFileType = sourcecode.c.objc; lineEnding = 0; path = FriendsUpdater.m; sourceTree = "<group>"; xcLanguageSpecificationIdentifier = xcode.lang.objc; };
		B032D36019E9466600D9D5A4 /* Notification.h */ = {isa = PBXFileReference; fileEncoding = 4; lastKnownFileType = sourcecode.c.h; path = Notification.h; sourceTree = "<group>"; };
		B032D36119E9466600D9D5A4 /* Notification.m */ = {isa = PBXFileReference; fileEncoding = 4; lastKnownFileType = sourcecode.c.objc; path = Notification.m; sourceTree = "<group>"; };
		B06874F71ABCC14A002D2D20 /* PrefixHeader.pch */ = {isa = PBXFileReference; fileEncoding = 4; lastKnownFileType = sourcecode.c.h; path = PrefixHeader.pch; sourceTree = "<group>"; };
		B06874FA1ABCC4A0002D2D20 /* Customization.h */ = {isa = PBXFileReference; fileEncoding = 4; lastKnownFileType = sourcecode.c.h; path = Customization.h; sourceTree = "<group>"; };
		B06874FB1ABCC4A0002D2D20 /* Customization.m */ = {isa = PBXFileReference; fileEncoding = 4; lastKnownFileType = sourcecode.c.objc; path = Customization.m; sourceTree = "<group>"; };
		B06D51C81A06B48900063BFE /* FriendsListVC.h */ = {isa = PBXFileReference; fileEncoding = 4; lastKnownFileType = sourcecode.c.h; path = FriendsListVC.h; sourceTree = "<group>"; };
		B06D51C91A06B48900063BFE /* FriendsListVC.m */ = {isa = PBXFileReference; fileEncoding = 4; lastKnownFileType = sourcecode.c.objc; lineEnding = 0; path = FriendsListVC.m; sourceTree = "<group>"; xcLanguageSpecificationIdentifier = xcode.lang.objc; };
		B06D51CC1A06B88D00063BFE /* BaseVC.h */ = {isa = PBXFileReference; fileEncoding = 4; lastKnownFileType = sourcecode.c.h; path = BaseVC.h; sourceTree = "<group>"; };
		B06D51CD1A06B88D00063BFE /* BaseVC.m */ = {isa = PBXFileReference; fileEncoding = 4; lastKnownFileType = sourcecode.c.objc; path = BaseVC.m; sourceTree = "<group>"; };
		B0B47C121AB0D89D00ABCE1B /* NotificationView.h */ = {isa = PBXFileReference; fileEncoding = 4; lastKnownFileType = sourcecode.c.h; path = NotificationView.h; sourceTree = "<group>"; };
		B0B47C131AB0D89D00ABCE1B /* NotificationView.m */ = {isa = PBXFileReference; fileEncoding = 4; lastKnownFileType = sourcecode.c.objc; path = NotificationView.m; sourceTree = "<group>"; };
		B0C6B6861AB18CA600C2BBCE /* ActionButton.h */ = {isa = PBXFileReference; fileEncoding = 4; lastKnownFileType = sourcecode.c.h; path = ActionButton.h; sourceTree = "<group>"; };
		B0C6B6871AB18CA600C2BBCE /* ActionButton.m */ = {isa = PBXFileReference; fileEncoding = 4; lastKnownFileType = sourcecode.c.objc; path = ActionButton.m; sourceTree = "<group>"; };
		B0C6B68A1AB37E8300C2BBCE /* ProfileVC.h */ = {isa = PBXFileReference; fileEncoding = 4; lastKnownFileType = sourcecode.c.h; path = ProfileVC.h; sourceTree = "<group>"; };
		B0C6B68B1AB37E8300C2BBCE /* ProfileVC.m */ = {isa = PBXFileReference; fileEncoding = 4; lastKnownFileType = sourcecode.c.objc; path = ProfileVC.m; sourceTree = "<group>"; };
		B0C6B68E1AB3824A00C2BBCE /* ProfileCell.h */ = {isa = PBXFileReference; fileEncoding = 4; lastKnownFileType = sourcecode.c.h; path = ProfileCell.h; sourceTree = "<group>"; };
		B0C6B68F1AB3824A00C2BBCE /* ProfileCell.m */ = {isa = PBXFileReference; fileEncoding = 4; lastKnownFileType = sourcecode.c.objc; path = ProfileCell.m; sourceTree = "<group>"; };
		B0CABD9719FD943A002C37FD /* InputCell.h */ = {isa = PBXFileReference; fileEncoding = 4; lastKnownFileType = sourcecode.c.h; path = InputCell.h; sourceTree = "<group>"; };
		B0CABD9819FD943A002C37FD /* InputCell.m */ = {isa = PBXFileReference; fileEncoding = 4; lastKnownFileType = sourcecode.c.objc; path = InputCell.m; sourceTree = "<group>"; };
		B0CABD9A19FD9AD0002C37FD /* BaseCell.h */ = {isa = PBXFileReference; fileEncoding = 4; lastKnownFileType = sourcecode.c.h; path = BaseCell.h; sourceTree = "<group>"; };
		B0CABD9B19FD9AD0002C37FD /* BaseCell.m */ = {isa = PBXFileReference; fileEncoding = 4; lastKnownFileType = sourcecode.c.objc; path = BaseCell.m; sourceTree = "<group>"; };
		B0CABD9D19FDA6DB002C37FD /* InfoCell.h */ = {isa = PBXFileReference; fileEncoding = 4; lastKnownFileType = sourcecode.c.h; path = InfoCell.h; sourceTree = "<group>"; };
		B0CABD9E19FDA6DB002C37FD /* InfoCell.m */ = {isa = PBXFileReference; fileEncoding = 4; lastKnownFileType = sourcecode.c.objc; path = InfoCell.m; sourceTree = "<group>"; };
		B0E471B81ABA268C0092B338 /* HintView.h */ = {isa = PBXFileReference; fileEncoding = 4; lastKnownFileType = sourcecode.c.h; path = HintView.h; sourceTree = "<group>"; };
		B0E471B91ABA268C0092B338 /* HintView.m */ = {isa = PBXFileReference; fileEncoding = 4; lastKnownFileType = sourcecode.c.objc; path = HintView.m; sourceTree = "<group>"; };
		B0E6DA6A16EF1DB6001CD002 /* NotificationActionSelector.h */ = {isa = PBXFileReference; fileEncoding = 4; lastKnownFileType = sourcecode.c.h; path = NotificationActionSelector.h; sourceTree = "<group>"; };
		B0E6DA6B16EF1DB6001CD002 /* NotificationActionSelector.m */ = {isa = PBXFileReference; fileEncoding = 4; lastKnownFileType = sourcecode.c.objc; path = NotificationActionSelector.m; sourceTree = "<group>"; };
		B0E79BC01AAE4454000B9179 /* PFUser+DYJ.h */ = {isa = PBXFileReference; fileEncoding = 4; lastKnownFileType = sourcecode.c.h; path = "PFUser+DYJ.h"; sourceTree = "<group>"; };
		B0E79BC11AAE4454000B9179 /* PFUser+DYJ.m */ = {isa = PBXFileReference; fileEncoding = 4; lastKnownFileType = sourcecode.c.objc; path = "PFUser+DYJ.m"; sourceTree = "<group>"; };
		C9A57C83A310442AA2C49C09 /* libPods.a */ = {isa = PBXFileReference; explicitFileType = archive.ar; includeInIndex = 0; path = libPods.a; sourceTree = BUILT_PRODUCTS_DIR; };
/* End PBXFileReference section */

/* Begin PBXFrameworksBuildPhase section */
		B032D22019E8570700D9D5A4 /* Frameworks */ = {
			isa = PBXFrameworksBuildPhase;
			buildActionMask = 2147483647;
			files = (
				532C36E93A3A48CDA7B1A026 /* libPods.a in Frameworks */,
			);
			runOnlyForDeploymentPostprocessing = 0;
		};
/* End PBXFrameworksBuildPhase section */

/* Begin PBXGroup section */
		10BB3FE0F5C744819AC02B5D /* Frameworks */ = {
			isa = PBXGroup;
			children = (
				C9A57C83A310442AA2C49C09 /* libPods.a */,
			);
			name = Frameworks;
			sourceTree = "<group>";
		};
		6F6E6FBE69BE82E1C5306227 /* Pods */ = {
			isa = PBXGroup;
			children = (
				9604D7F5A00C7375A248F676 /* Pods.debug.xcconfig */,
				76625220950D9525696A1342 /* Pods.release.xcconfig */,
			);
			name = Pods;
			sourceTree = "<group>";
		};
		B00511CC1A11645000A61AA4 /* Friends */ = {
			isa = PBXGroup;
			children = (
				B00511CD1A11646E00A61AA4 /* FriendsView.h */,
				B00511CE1A11646E00A61AA4 /* FriendsView.m */,
			);
			name = Friends;
			sourceTree = "<group>";
		};
		B032D21A19E8570700D9D5A4 = {
			isa = PBXGroup;
			children = (
				B032D22519E8570700D9D5A4 /* DYJ */,
				B032D22419E8570700D9D5A4 /* Products */,
				10BB3FE0F5C744819AC02B5D /* Frameworks */,
				6F6E6FBE69BE82E1C5306227 /* Pods */,
			);
			sourceTree = "<group>";
		};
		B032D22419E8570700D9D5A4 /* Products */ = {
			isa = PBXGroup;
			children = (
				B032D22319E8570700D9D5A4 /* DYJ.app */,
			);
			name = Products;
			sourceTree = "<group>";
		};
		B032D22519E8570700D9D5A4 /* DYJ */ = {
			isa = PBXGroup;
			children = (
				B032D32919E8F54300D9D5A4 /* AppDelegate */,
				B0B47C111AB0D7DE00ABCE1B /* Views */,
				B032D32D19E8F58400D9D5A4 /* VCs */,
				B032D35219E9011000D9D5A4 /* Model */,
				B032D32A19E8F55D00D9D5A4 /* Storyboard */,
				B032D32B19E8F56800D9D5A4 /* Resources */,
				B032D32C19E8F57600D9D5A4 /* LaunchScreen */,
				B032D22619E8570700D9D5A4 /* Supporting Files */,
			);
			path = DYJ;
			sourceTree = "<group>";
		};
		B032D22619E8570700D9D5A4 /* Supporting Files */ = {
			isa = PBXGroup;
			children = (
				B06874F91ABCC44D002D2D20 /* Categories */,
				B032D35A19E9396600D9D5A4 /* Fonts */,
				B06874F81ABCC444002D2D20 /* Customization */,
				B06874F71ABCC14A002D2D20 /* PrefixHeader.pch */,
				B032D22719E8570700D9D5A4 /* Info.plist */,
				B032D22819E8570700D9D5A4 /* main.m */,
			);
			name = "Supporting Files";
			sourceTree = "<group>";
		};
		B032D32919E8F54300D9D5A4 /* AppDelegate */ = {
			isa = PBXGroup;
			children = (
				B032D22A19E8570700D9D5A4 /* AppDelegate.h */,
				B032D22B19E8570700D9D5A4 /* AppDelegate.m */,
			);
			name = AppDelegate;
			sourceTree = "<group>";
		};
		B032D32A19E8F55D00D9D5A4 /* Storyboard */ = {
			isa = PBXGroup;
			children = (
				B032D23019E8570700D9D5A4 /* Main.storyboard */,
			);
			name = Storyboard;
			sourceTree = "<group>";
		};
		B032D32B19E8F56800D9D5A4 /* Resources */ = {
			isa = PBXGroup;
			children = (
				B032D23319E8570700D9D5A4 /* Images.xcassets */,
			);
			name = Resources;
			sourceTree = "<group>";
		};
		B032D32C19E8F57600D9D5A4 /* LaunchScreen */ = {
			isa = PBXGroup;
			children = (
				B032D23519E8570700D9D5A4 /* LaunchScreen.xib */,
			);
			name = LaunchScreen;
			sourceTree = "<group>";
		};
		B032D32D19E8F58400D9D5A4 /* VCs */ = {
			isa = PBXGroup;
			children = (
				B032D32F19E8F59400D9D5A4 /* BaseVCs */,
				B032D32E19E8F58C00D9D5A4 /* StartVC */,
				B032D34019E8F80B00D9D5A4 /* MainVCs */,
			);
			name = VCs;
			sourceTree = "<group>";
		};
		B032D32E19E8F58C00D9D5A4 /* StartVC */ = {
			isa = PBXGroup;
			children = (
				B032D22D19E8570700D9D5A4 /* StartVC.h */,
				B032D22E19E8570700D9D5A4 /* StartVC.m */,
			);
			name = StartVC;
			sourceTree = "<group>";
		};
		B032D32F19E8F59400D9D5A4 /* BaseVCs */ = {
			isa = PBXGroup;
			children = (
				B032D34D19E8FCE500D9D5A4 /* NavigationVC */,
				B06D51CB1A06B88000063BFE /* BaseVC */,
				B032D34E19E8FCED00D9D5A4 /* TabBarVC */,
			);
			name = BaseVCs;
			sourceTree = "<group>";
		};
		B032D33319E8F62000D9D5A4 /* MyJobs */ = {
			isa = PBXGroup;
			children = (
				B032D33419E8F63E00D9D5A4 /* MyJobsVC.h */,
				B032D33519E8F63E00D9D5A4 /* MyJobsVC.m */,
			);
			name = MyJobs;
			sourceTree = "<group>";
		};
		B032D33719E8F66E00D9D5A4 /* Tasks */ = {
			isa = PBXGroup;
			children = (
				B008AF3D19F7C80700445922 /* TaskCell.h */,
				B008AF3E19F7C80700445922 /* TaskCell.m */,
				B008AF4019F7C8FC00445922 /* TaskCellItem.h */,
				B008AF4119F7C8FC00445922 /* TaskCellItem.m */,
			);
			name = Tasks;
			sourceTree = "<group>";
		};
		B032D33B19E8F7B400D9D5A4 /* FriendsJobs */ = {
			isa = PBXGroup;
			children = (
				B032D34119E8F86100D9D5A4 /* FriendsJobsVC.h */,
				B032D34219E8F86100D9D5A4 /* FriendsJobsVC.m */,
			);
			name = FriendsJobs;
			sourceTree = "<group>";
		};
		B032D33E19E8F7E300D9D5A4 /* Notifications */ = {
			isa = PBXGroup;
			children = (
				B032D34419E8F87200D9D5A4 /* NotificationsVC.h */,
				B032D34519E8F87200D9D5A4 /* NotificationsVC.m */,
			);
			name = Notifications;
			sourceTree = "<group>";
		};
		B032D33F19E8F7F600D9D5A4 /* AddJob */ = {
			isa = PBXGroup;
			children = (
				B0CABD9619FD8E81002C37FD /* Cells */,
				B032D34719E8F88100D9D5A4 /* AddJobVC.h */,
				B032D34819E8F88100D9D5A4 /* AddJobVC.m */,
			);
			name = AddJob;
			sourceTree = "<group>";
		};
		B032D34019E8F80B00D9D5A4 /* MainVCs */ = {
			isa = PBXGroup;
			children = (
				B06D51C71A06B44400063BFE /* FriendsList */,
				B032D33319E8F62000D9D5A4 /* MyJobs */,
				B032D33F19E8F7F600D9D5A4 /* AddJob */,
				B032D33B19E8F7B400D9D5A4 /* FriendsJobs */,
				B032D33E19E8F7E300D9D5A4 /* Notifications */,
				B0C6B6891AB37E3200C2BBCE /* Profile */,
			);
			name = MainVCs;
			sourceTree = "<group>";
		};
		B032D34D19E8FCE500D9D5A4 /* NavigationVC */ = {
			isa = PBXGroup;
			children = (
				B032D34F19E8FE3E00D9D5A4 /* NavigationVC.h */,
				B032D35019E8FE3E00D9D5A4 /* NavigationVC.m */,
			);
			name = NavigationVC;
			sourceTree = "<group>";
		};
		B032D34E19E8FCED00D9D5A4 /* TabBarVC */ = {
			isa = PBXGroup;
			children = (
				B032D33019E8F5C000D9D5A4 /* TabBarVC.h */,
				B032D33119E8F5C000D9D5A4 /* TabBarVC.m */,
			);
			name = TabBarVC;
			sourceTree = "<group>";
		};
		B032D35219E9011000D9D5A4 /* Model */ = {
			isa = PBXGroup;
			children = (
				B032D35F19E9465B00D9D5A4 /* Classes */,
				B032D35319E9012400D9D5A4 /* Helper.h */,
				B032D35419E9012400D9D5A4 /* Helper.m */,
				B032D35619E9061000D9D5A4 /* FriendsUpdater.h */,
				B032D35719E9061000D9D5A4 /* FriendsUpdater.m */,
				B02F048D19F2B6670034A1DE /* ProfileUpdater.h */,
				B02F048E19F2B6670034A1DE /* ProfileUpdater.m */,
			);
			name = Model;
			sourceTree = "<group>";
		};
		B032D35A19E9396600D9D5A4 /* Fonts */ = {
			isa = PBXGroup;
			children = (
				B008AF3419F7929A00445922 /* HELVETICANEUECYR-BOLD.OTF */,
				B008AF3519F7929A00445922 /* HELVETICANEUECYR-LIGHT.OTF */,
				B008AF3619F7929A00445922 /* HELVETICANEUECYR-MEDIUM.OTF */,
			);
			path = Fonts;
			sourceTree = "<group>";
		};
		B032D35F19E9465B00D9D5A4 /* Classes */ = {
			isa = PBXGroup;
			children = (
				B0E79BC01AAE4454000B9179 /* PFUser+DYJ.h */,
				B0E79BC11AAE4454000B9179 /* PFUser+DYJ.m */,
				B008AF3A19F7C7DF00445922 /* Task.h */,
				B008AF3B19F7C7DF00445922 /* Task.m */,
				B032D36019E9466600D9D5A4 /* Notification.h */,
				B032D36119E9466600D9D5A4 /* Notification.m */,
			);
			name = Classes;
			sourceTree = "<group>";
		};
		B06874F81ABCC444002D2D20 /* Customization */ = {
			isa = PBXGroup;
			children = (
				B06874FA1ABCC4A0002D2D20 /* Customization.h */,
				B06874FB1ABCC4A0002D2D20 /* Customization.m */,
			);
			name = Customization;
			sourceTree = "<group>";
		};
		B06874F91ABCC44D002D2D20 /* Categories */ = {
			isa = PBXGroup;
			children = (
				B032D32619E88C6000D9D5A4 /* Categories.h */,
				B032D32719E88C6000D9D5A4 /* Categories.m */,
			);
			name = Categories;
			sourceTree = "<group>";
		};
		B06D51C71A06B44400063BFE /* FriendsList */ = {
			isa = PBXGroup;
			children = (
				B06D51C81A06B48900063BFE /* FriendsListVC.h */,
				B06D51C91A06B48900063BFE /* FriendsListVC.m */,
			);
			name = FriendsList;
			sourceTree = "<group>";
		};
		B06D51CB1A06B88000063BFE /* BaseVC */ = {
			isa = PBXGroup;
			children = (
				B06D51CC1A06B88D00063BFE /* BaseVC.h */,
				B06D51CD1A06B88D00063BFE /* BaseVC.m */,
			);
			name = BaseVC;
			sourceTree = "<group>";
		};
		B0B47C111AB0D7DE00ABCE1B /* Views */ = {
			isa = PBXGroup;
			children = (
				B0E471B71ABA266F0092B338 /* HintView */,
				B00511CC1A11645000A61AA4 /* Friends */,
				B032D33719E8F66E00D9D5A4 /* Tasks */,
				B0B47C151AB0D98500ABCE1B /* Notifications */,
			);
			name = Views;
			sourceTree = "<group>";
		};
		B0B47C151AB0D98500ABCE1B /* Notifications */ = {
			isa = PBXGroup;
			children = (
				B0B47C121AB0D89D00ABCE1B /* NotificationView.h */,
				B0B47C131AB0D89D00ABCE1B /* NotificationView.m */,
				B0E6DA6A16EF1DB6001CD002 /* NotificationActionSelector.h */,
				B0E6DA6B16EF1DB6001CD002 /* NotificationActionSelector.m */,
				B0C6B6861AB18CA600C2BBCE /* ActionButton.h */,
				B0C6B6871AB18CA600C2BBCE /* ActionButton.m */,
			);
			name = Notifications;
			sourceTree = "<group>";
		};
		B0C6B6891AB37E3200C2BBCE /* Profile */ = {
			isa = PBXGroup;
			children = (
				B0C6B68D1AB3823100C2BBCE /* Cells */,
				B0C6B68A1AB37E8300C2BBCE /* ProfileVC.h */,
				B0C6B68B1AB37E8300C2BBCE /* ProfileVC.m */,
			);
			name = Profile;
			sourceTree = "<group>";
		};
		B0C6B68D1AB3823100C2BBCE /* Cells */ = {
			isa = PBXGroup;
			children = (
				B0C6B68E1AB3824A00C2BBCE /* ProfileCell.h */,
				B0C6B68F1AB3824A00C2BBCE /* ProfileCell.m */,
			);
			name = Cells;
			sourceTree = "<group>";
		};
		B0CABD9619FD8E81002C37FD /* Cells */ = {
			isa = PBXGroup;
			children = (
				B0CABD9719FD943A002C37FD /* InputCell.h */,
				B0CABD9819FD943A002C37FD /* InputCell.m */,
				B0CABD9D19FDA6DB002C37FD /* InfoCell.h */,
				B0CABD9E19FDA6DB002C37FD /* InfoCell.m */,
				B0CABD9A19FD9AD0002C37FD /* BaseCell.h */,
				B0CABD9B19FD9AD0002C37FD /* BaseCell.m */,
			);
			name = Cells;
			sourceTree = "<group>";
		};
		B0E471B71ABA266F0092B338 /* HintView */ = {
			isa = PBXGroup;
			children = (
				B0E471B81ABA268C0092B338 /* HintView.h */,
				B0E471B91ABA268C0092B338 /* HintView.m */,
			);
			name = HintView;
			sourceTree = "<group>";
		};
/* End PBXGroup section */

/* Begin PBXNativeTarget section */
		B032D22219E8570700D9D5A4 /* DYJ */ = {
			isa = PBXNativeTarget;
			buildConfigurationList = B032D24619E8570700D9D5A4 /* Build configuration list for PBXNativeTarget "DYJ" */;
			buildPhases = (
				145A706A10DC41CA9C00930A /* Check Pods Manifest.lock */,
				B032D21F19E8570700D9D5A4 /* Sources */,
				B032D22019E8570700D9D5A4 /* Frameworks */,
				B032D22119E8570700D9D5A4 /* Resources */,
				0A9CB4257AEF43729EEE387D /* Copy Pods Resources */,
			);
			buildRules = (
			);
			dependencies = (
			);
			name = DYJ;
			productName = DYJ;
			productReference = B032D22319E8570700D9D5A4 /* DYJ.app */;
			productType = "com.apple.product-type.application";
		};
/* End PBXNativeTarget section */

/* Begin PBXProject section */
		B032D21B19E8570700D9D5A4 /* Project object */ = {
			isa = PBXProject;
			attributes = {
				LastUpgradeCheck = 0600;
				ORGANIZATIONNAME = "Timur Bernikowich";
				TargetAttributes = {
					B032D22219E8570700D9D5A4 = {
						CreatedOnToolsVersion = 6.0.1;
						DevelopmentTeam = XA4ZK3R6CL;
					};
				};
			};
			buildConfigurationList = B032D21E19E8570700D9D5A4 /* Build configuration list for PBXProject "DYJ" */;
			compatibilityVersion = "Xcode 3.2";
			developmentRegion = English;
			hasScannedForEncodings = 0;
			knownRegions = (
				en,
				Base,
			);
			mainGroup = B032D21A19E8570700D9D5A4;
			productRefGroup = B032D22419E8570700D9D5A4 /* Products */;
			projectDirPath = "";
			projectRoot = "";
			targets = (
				B032D22219E8570700D9D5A4 /* DYJ */,
			);
		};
/* End PBXProject section */

/* Begin PBXResourcesBuildPhase section */
		B032D22119E8570700D9D5A4 /* Resources */ = {
			isa = PBXResourcesBuildPhase;
			buildActionMask = 2147483647;
			files = (
				B008AF3919F7929A00445922 /* HELVETICANEUECYR-MEDIUM.OTF in Resources */,
				B008AF3719F7929A00445922 /* HELVETICANEUECYR-BOLD.OTF in Resources */,
				B032D23219E8570700D9D5A4 /* Main.storyboard in Resources */,
				B008AF3819F7929A00445922 /* HELVETICANEUECYR-LIGHT.OTF in Resources */,
				B032D23719E8570700D9D5A4 /* LaunchScreen.xib in Resources */,
				B032D23419E8570700D9D5A4 /* Images.xcassets in Resources */,
			);
			runOnlyForDeploymentPostprocessing = 0;
		};
/* End PBXResourcesBuildPhase section */

/* Begin PBXShellScriptBuildPhase section */
		0A9CB4257AEF43729EEE387D /* Copy Pods Resources */ = {
			isa = PBXShellScriptBuildPhase;
			buildActionMask = 2147483647;
			files = (
			);
			inputPaths = (
			);
			name = "Copy Pods Resources";
			outputPaths = (
			);
			runOnlyForDeploymentPostprocessing = 0;
			shellPath = /bin/sh;
			shellScript = "\"${SRCROOT}/Pods/Target Support Files/Pods/Pods-resources.sh\"\n";
			showEnvVarsInLog = 0;
		};
		145A706A10DC41CA9C00930A /* Check Pods Manifest.lock */ = {
			isa = PBXShellScriptBuildPhase;
			buildActionMask = 2147483647;
			files = (
			);
			inputPaths = (
			);
			name = "Check Pods Manifest.lock";
			outputPaths = (
			);
			runOnlyForDeploymentPostprocessing = 0;
			shellPath = /bin/sh;
			shellScript = "diff \"${PODS_ROOT}/../Podfile.lock\" \"${PODS_ROOT}/Manifest.lock\" > /dev/null\nif [[ $? != 0 ]] ; then\n    cat << EOM\nerror: The sandbox is not in sync with the Podfile.lock. Run 'pod install' or update your CocoaPods installation.\nEOM\n    exit 1\nfi\n";
			showEnvVarsInLog = 0;
		};
/* End PBXShellScriptBuildPhase section */

/* Begin PBXSourcesBuildPhase section */
		B032D21F19E8570700D9D5A4 /* Sources */ = {
			isa = PBXSourcesBuildPhase;
			buildActionMask = 2147483647;
			files = (
				B0C6B68C1AB37E8300C2BBCE /* ProfileVC.m in Sources */,
				B06D51CA1A06B48900063BFE /* FriendsListVC.m in Sources */,
				B0B47C141AB0D89D00ABCE1B /* NotificationView.m in Sources */,
				B032D22F19E8570700D9D5A4 /* StartVC.m in Sources */,
				B008AF4219F7C8FC00445922 /* TaskCellItem.m in Sources */,
				B0E471BA1ABA268C0092B338 /* HintView.m in Sources */,
				B0CABD9919FD943A002C37FD /* InputCell.m in Sources */,
				B02F048F19F2B6670034A1DE /* ProfileUpdater.m in Sources */,
				B032D22C19E8570700D9D5A4 /* AppDelegate.m in Sources */,
				B0E6DA6C16EF1DB6001CD002 /* NotificationActionSelector.m in Sources */,
				B032D35119E8FE3E00D9D5A4 /* NavigationVC.m in Sources */,
				B032D35819E9061000D9D5A4 /* FriendsUpdater.m in Sources */,
				B008AF3F19F7C80700445922 /* TaskCell.m in Sources */,
				B0E79BC21AAE4454000B9179 /* PFUser+DYJ.m in Sources */,
				B0CABD9F19FDA6DB002C37FD /* InfoCell.m in Sources */,
				B00511CF1A11646E00A61AA4 /* FriendsView.m in Sources */,
				B0C6B6881AB18CA600C2BBCE /* ActionButton.m in Sources */,
				B032D32819E88C6000D9D5A4 /* Categories.m in Sources */,
				B0CABD9C19FD9AD0002C37FD /* BaseCell.m in Sources */,
				B032D34919E8F88100D9D5A4 /* AddJobVC.m in Sources */,
				B06D51CE1A06B88D00063BFE /* BaseVC.m in Sources */,
				B032D34319E8F86100D9D5A4 /* FriendsJobsVC.m in Sources */,
				B032D33219E8F5C000D9D5A4 /* TabBarVC.m in Sources */,
				B032D34619E8F87200D9D5A4 /* NotificationsVC.m in Sources */,
				B032D33619E8F63E00D9D5A4 /* MyJobsVC.m in Sources */,
				B032D22919E8570700D9D5A4 /* main.m in Sources */,
				B032D36219E9466600D9D5A4 /* Notification.m in Sources */,
				B06874FC1ABCC4A0002D2D20 /* Customization.m in Sources */,
				B0C6B6901AB3824A00C2BBCE /* ProfileCell.m in Sources */,
				B008AF3C19F7C7DF00445922 /* Task.m in Sources */,
				B032D35519E9012400D9D5A4 /* Helper.m in Sources */,
			);
			runOnlyForDeploymentPostprocessing = 0;
		};
/* End PBXSourcesBuildPhase section */

/* Begin PBXVariantGroup section */
		B032D23019E8570700D9D5A4 /* Main.storyboard */ = {
			isa = PBXVariantGroup;
			children = (
				B032D23119E8570700D9D5A4 /* Base */,
			);
			name = Main.storyboard;
			sourceTree = "<group>";
		};
		B032D23519E8570700D9D5A4 /* LaunchScreen.xib */ = {
			isa = PBXVariantGroup;
			children = (
				B032D23619E8570700D9D5A4 /* Base */,
			);
			name = LaunchScreen.xib;
			sourceTree = "<group>";
		};
/* End PBXVariantGroup section */

/* Begin XCBuildConfiguration section */
		B032D24419E8570700D9D5A4 /* Debug */ = {
			isa = XCBuildConfiguration;
			buildSettings = {
				ALWAYS_SEARCH_USER_PATHS = NO;
				CLANG_CXX_LANGUAGE_STANDARD = "gnu++0x";
				CLANG_CXX_LIBRARY = "libc++";
				CLANG_ENABLE_MODULES = YES;
				CLANG_ENABLE_OBJC_ARC = YES;
				CLANG_WARN_BOOL_CONVERSION = YES;
				CLANG_WARN_CONSTANT_CONVERSION = YES;
				CLANG_WARN_DIRECT_OBJC_ISA_USAGE = YES_ERROR;
				CLANG_WARN_EMPTY_BODY = YES;
				CLANG_WARN_ENUM_CONVERSION = YES;
				CLANG_WARN_INT_CONVERSION = YES;
				CLANG_WARN_OBJC_ROOT_CLASS = YES_ERROR;
				CLANG_WARN_UNREACHABLE_CODE = YES;
				CLANG_WARN__DUPLICATE_METHOD_MATCH = YES;
				"CODE_SIGN_IDENTITY[sdk=iphoneos*]" = "iPhone Developer";
				COPY_PHASE_STRIP = NO;
				ENABLE_STRICT_OBJC_MSGSEND = YES;
				GCC_C_LANGUAGE_STANDARD = gnu99;
				GCC_DYNAMIC_NO_PIC = NO;
				GCC_OPTIMIZATION_LEVEL = 0;
				GCC_PREFIX_HEADER = DYJ/PrefixHeader.pch;
				GCC_PREPROCESSOR_DEFINITIONS = (
					"DEBUG=1",
					"$(inherited)",
				);
				GCC_SYMBOLS_PRIVATE_EXTERN = NO;
				GCC_WARN_64_TO_32_BIT_CONVERSION = YES;
				GCC_WARN_ABOUT_RETURN_TYPE = YES_ERROR;
				GCC_WARN_UNDECLARED_SELECTOR = YES;
				GCC_WARN_UNINITIALIZED_AUTOS = YES_AGGRESSIVE;
				GCC_WARN_UNUSED_FUNCTION = YES;
				GCC_WARN_UNUSED_VARIABLE = YES;
				IPHONEOS_DEPLOYMENT_TARGET = 7.0;
				MTL_ENABLE_DEBUG_INFO = YES;
				ONLY_ACTIVE_ARCH = YES;
				SDKROOT = iphoneos;
			};
			name = Debug;
		};
		B032D24519E8570700D9D5A4 /* Release */ = {
			isa = XCBuildConfiguration;
			buildSettings = {
				ALWAYS_SEARCH_USER_PATHS = NO;
				CLANG_CXX_LANGUAGE_STANDARD = "gnu++0x";
				CLANG_CXX_LIBRARY = "libc++";
				CLANG_ENABLE_MODULES = YES;
				CLANG_ENABLE_OBJC_ARC = YES;
				CLANG_WARN_BOOL_CONVERSION = YES;
				CLANG_WARN_CONSTANT_CONVERSION = YES;
				CLANG_WARN_DIRECT_OBJC_ISA_USAGE = YES_ERROR;
				CLANG_WARN_EMPTY_BODY = YES;
				CLANG_WARN_ENUM_CONVERSION = YES;
				CLANG_WARN_INT_CONVERSION = YES;
				CLANG_WARN_OBJC_ROOT_CLASS = YES_ERROR;
				CLANG_WARN_UNREACHABLE_CODE = YES;
				CLANG_WARN__DUPLICATE_METHOD_MATCH = YES;
				"CODE_SIGN_IDENTITY[sdk=iphoneos*]" = "iPhone Developer";
				COPY_PHASE_STRIP = YES;
				ENABLE_NS_ASSERTIONS = NO;
				ENABLE_STRICT_OBJC_MSGSEND = YES;
				GCC_C_LANGUAGE_STANDARD = gnu99;
				GCC_PREFIX_HEADER = DYJ/PrefixHeader.pch;
				GCC_WARN_64_TO_32_BIT_CONVERSION = YES;
				GCC_WARN_ABOUT_RETURN_TYPE = YES_ERROR;
				GCC_WARN_UNDECLARED_SELECTOR = YES;
				GCC_WARN_UNINITIALIZED_AUTOS = YES_AGGRESSIVE;
				GCC_WARN_UNUSED_FUNCTION = YES;
				GCC_WARN_UNUSED_VARIABLE = YES;
				IPHONEOS_DEPLOYMENT_TARGET = 7.0;
				MTL_ENABLE_DEBUG_INFO = NO;
				SDKROOT = iphoneos;
				VALIDATE_PRODUCT = YES;
			};
			name = Release;
		};
		B032D24719E8570700D9D5A4 /* Debug */ = {
			isa = XCBuildConfiguration;
			baseConfigurationReference = 9604D7F5A00C7375A248F676 /* Pods.debug.xcconfig */;
			buildSettings = {
				ASSETCATALOG_COMPILER_APPICON_NAME = AppIcon;
				ASSETCATALOG_COMPILER_LAUNCHIMAGE_NAME = LaunchImage;
				CODE_SIGN_IDENTITY = "iPhone Developer";
				"CODE_SIGN_IDENTITY[sdk=iphoneos*]" = "iOS Development: Ivan Yamshchikov (986TMYZVXY)";
				INFOPLIST_FILE = DYJ/Info.plist;
				IPHONEOS_DEPLOYMENT_TARGET = 7.0;
				LD_RUNPATH_SEARCH_PATHS = "$(inherited) @executable_path/Frameworks";
				PRODUCT_NAME = "$(TARGET_NAME)";
				PROVISIONING_PROFILE = "";
			};
			name = Debug;
		};
		B032D24819E8570700D9D5A4 /* Release */ = {
			isa = XCBuildConfiguration;
			baseConfigurationReference = 76625220950D9525696A1342 /* Pods.release.xcconfig */;
			buildSettings = {
				ASSETCATALOG_COMPILER_APPICON_NAME = AppIcon;
				ASSETCATALOG_COMPILER_LAUNCHIMAGE_NAME = LaunchImage;
				CODE_SIGN_IDENTITY = "iPhone Developer";
				"CODE_SIGN_IDENTITY[sdk=iphoneos*]" = "iOS Distribution: Ivan Yamshchikov";
				INFOPLIST_FILE = DYJ/Info.plist;
				IPHONEOS_DEPLOYMENT_TARGET = 7.0;
				LD_RUNPATH_SEARCH_PATHS = "$(inherited) @executable_path/Frameworks";
				PRODUCT_NAME = "$(TARGET_NAME)";
				PROVISIONING_PROFILE = "2317764c-6f03-4f07-80e2-a0673dee6c7b";
			};
			name = Release;
		};
/* End XCBuildConfiguration section */

/* Begin XCConfigurationList section */
		B032D21E19E8570700D9D5A4 /* Build configuration list for PBXProject "DYJ" */ = {
			isa = XCConfigurationList;
			buildConfigurations = (
				B032D24419E8570700D9D5A4 /* Debug */,
				B032D24519E8570700D9D5A4 /* Release */,
			);
			defaultConfigurationIsVisible = 0;
			defaultConfigurationName = Release;
		};
		B032D24619E8570700D9D5A4 /* Build configuration list for PBXNativeTarget "DYJ" */ = {
			isa = XCConfigurationList;
			buildConfigurations = (
				B032D24719E8570700D9D5A4 /* Debug */,
				B032D24819E8570700D9D5A4 /* Release */,
			);
			defaultConfigurationIsVisible = 0;
			defaultConfigurationName = Release;
		};
/* End XCConfigurationList section */
	};
	rootObject = B032D21B19E8570700D9D5A4 /* Project object */;
}
